NeoBundleLock cobalt2.vim 68f5f57bc178f7e2fc4e656bd1053a69ef5c2815
NeoBundleLock editorconfig-vim a459b8cfef00100da40fd69c8ae92c4d1e63e1d2
NeoBundleLock neobundle.vim 380d9d299300019c0a9970ae6b87faabedab0747
NeoBundleLock nerdtree 2e2b649232d6ae4d02d74793e5da0ee08480ad8d
NeoBundleLock syntastic cee74e0c1af934065fd1b3046e53cda76574f703
NeoBundleLock tcomment_vim adee9cd2d5991097648e76f1db021a4a969bbe7c
NeoBundleLock vim-airline 7b9b68f15dc50ef3c6382bd9df3a5e70c9ddcee9
NeoBundleLock vim-bufkill ba8b5701bde1a50b64b5e6bcaf5698e5655c8c0b
NeoBundleLock vim-javascript-syntax 9e019fccd738ba73713268a327ac3765646a4edd
NeoBundleLock vim-surround e49d6c2459e0f5569ff2d533b4df995dd7f98313
