NeoBundleLock YouCompleteMe 0de1c0c9bb13ce82172b472c676035cd47cf6a6a
NeoBundleLock matchit 060d9d8aa381d6a650b649d38c992b59db3ed1a3
NeoBundleLock neobundle.vim 380d9d299300019c0a9970ae6b87faabedab0747
NeoBundleLock nerdtree 2e2b649232d6ae4d02d74793e5da0ee08480ad8d
NeoBundleLock oceanic-next-vim 51c42b20315fb393a836abd0f2faea2b8a3a4f24
NeoBundleLock syntastic cee74e0c1af934065fd1b3046e53cda76574f703
NeoBundleLock tern_for_vim a9bad13fd37f5627bbaeca06da3e1915258e55f5
NeoBundleLock vim-airline 7b9b68f15dc50ef3c6382bd9df3a5e70c9ddcee9
NeoBundleLock vim-bufkill ba8b5701bde1a50b64b5e6bcaf5698e5655c8c0b
NeoBundleLock vim-indent-guides 018298ead9d3aa9cd3b4ae222f81022a33978b09
NeoBundleLock vim-javascript-syntax 9e019fccd738ba73713268a327ac3765646a4edd
NeoBundleLock vim-surround e49d6c2459e0f5569ff2d533b4df995dd7f98313
